
Microsoft Visual Studio Solution File, Format Version 12.00
# Visual Studio Version 17
VisualStudioVersion = 17.14.37027.9 d17.14
MinimumVisualStudioVersion = 10.0.40219.1
Project("{8BC9CEB8-8B4A-11D0-8D11-00A0C91BC942}") = "26311006_ChaeHyoSeok_Cpp-Lesson", "26311006_ChaeHyoSeok_Cpp-Lesson.vcxproj", "{50FEC262-37DD-41F2-B0DA-011CE2E4AA17}"
EndProject
Global
	GlobalSection(SolutionConfigurationPlatforms) = preSolution
		Debug|x64 = Debug|x64
		Debug|x86 = Debug|x86
		Release|x64 = Release|x64
		Release|x86 = Release|x86
	EndGlobalSection
	GlobalSection(ProjectConfigurationPlatforms) = postSolution
		{50FEC262-37DD-41F2-B0DA-011CE2E4AA17}.Debug|x64.ActiveCfg = Debug|x64
		{50FEC262-37DD-41F2-B0DA-011CE2E4AA17}.Debug|x64.Build.0 = Debug|x64
		{50FEC262-37DD-41F2-B0DA-011CE2E4AA17}.Debug|x86.ActiveCfg = Debug|Win32
		{50FEC262-37DD-41F2-B0DA-011CE2E4AA17}.Debug|x86.Build.0 = Debug|Win32
		{50FEC262-37DD-41F2-B0DA-011CE2E4AA17}.Release|x64.ActiveCfg = Release|x64
		{50FEC262-37DD-41F2-B0DA-011CE2E4AA17}.Release|x64.Build.0 = Release|x64
		{50FEC262-37DD-41F2-B0DA-011CE2E4AA17}.Release|x86.ActiveCfg = Release|Win32
		{50FEC262-37DD-41F2-B0DA-011CE2E4AA17}.Release|x86.Build.0 = Release|Win32
	EndGlobalSection
	GlobalSection(SolutionProperties) = preSolution
		HideSolutionNode = FALSE
	EndGlobalSection
	GlobalSection(ExtensibilityGlobals) = postSolution
		SolutionGuid = {DE9FCD50-AE7A-4EF8-B7A5-91BFCD9C92A9}
	EndGlobalSection
EndGlobal
